// !$*UTF8*$!
{
	archiveVersion = 1;
	classes = {
	};
	objectVersion = 55;
	objects = {

/* Begin PBXBuildFile section */
		1C02630A2828E03100F6DF5A /* Item.swift in Sources */ = {isa = PBXBuildFile; fileRef = 1C0263092828E03100F6DF5A /* Item.swift */; };
		1C02630C2828E04200F6DF5A /* Category.swift in Sources */ = {isa = PBXBuildFile; fileRef = 1C02630B2828E04200F6DF5A /* Category.swift */; };
		1C02630E282928FD00F6DF5A /* SwipeTableViewController.swift in Sources */ = {isa = PBXBuildFile; fileRef = 1C02630D282928FD00F6DF5A /* SwipeTableViewController.swift */; };
		1C9E7BD12812887F006E1F35 /* AppDelegate.swift in Sources */ = {isa = PBXBuildFile; fileRef = 1C9E7BD02812887F006E1F35 /* AppDelegate.swift */; };
		1C9E7BD32812887F006E1F35 /* SceneDelegate.swift in Sources */ = {isa = PBXBuildFile; fileRef = 1C9E7BD22812887F006E1F35 /* SceneDelegate.swift */; };
		1C9E7BD52812887F006E1F35 /* TodoListViewController.swift in Sources */ = {isa = PBXBuildFile; fileRef = 1C9E7BD42812887F006E1F35 /* TodoListViewController.swift */; };
		1C9E7BD82812887F006E1F35 /* Main.storyboard in Resources */ = {isa = PBXBuildFile; fileRef = 1C9E7BD62812887F006E1F35 /* Main.storyboard */; };
		1C9E7BDA28128880006E1F35 /* Assets.xcassets in Resources */ = {isa = PBXBuildFile; fileRef = 1C9E7BD928128880006E1F35 /* Assets.xcassets */; };
		1C9E7BDD28128880006E1F35 /* LaunchScreen.storyboard in Resources */ = {isa = PBXBuildFile; fileRef = 1C9E7BDB28128880006E1F35 /* LaunchScreen.storyboard */; };
		1CC752DA2824F50E00E8BAD9 /* CategoryViewController.swift in Sources */ = {isa = PBXBuildFile; fileRef = 1CC752D92824F50E00E8BAD9 /* CategoryViewController.swift */; };
		9FD680A6A05A6A508DB028DB /* Pods_Todoey.framework in Frameworks */ = {isa = PBXBuildFile; fileRef = 5AD4F2C4CC2930CDE293D2A4 /* Pods_Todoey.framework */; };
/* End PBXBuildFile section */

/* Begin PBXFileReference section */
		1C0263092828E03100F6DF5A /* Item.swift */ = {isa = PBXFileReference; lastKnownFileType = sourcecode.swift; path = Item.swift; sourceTree = "<group>"; };
		1C02630B2828E04200F6DF5A /* Category.swift */ = {isa = PBXFileReference; lastKnownFileType = sourcecode.swift; path = Category.swift; sourceTree = "<group>"; };
		1C02630D282928FD00F6DF5A /* SwipeTableViewController.swift */ = {isa = PBXFileReference; lastKnownFileType = sourcecode.swift; path = SwipeTableViewController.swift; sourceTree = "<group>"; };
		1C9E7BCD2812887F006E1F35 /* Todoey.app */ = {isa = PBXFileReference; explicitFileType = wrapper.application; includeInIndex = 0; path = Todoey.app; sourceTree = BUILT_PRODUCTS_DIR; };
		1C9E7BD02812887F006E1F35 /* AppDelegate.swift */ = {isa = PBXFileReference; lastKnownFileType = sourcecode.swift; path = AppDelegate.swift; sourceTree = "<group>"; };
		1C9E7BD22812887F006E1F35 /* SceneDelegate.swift */ = {isa = PBXFileReference; lastKnownFileType = sourcecode.swift; path = SceneDelegate.swift; sourceTree = "<group>"; };
		1C9E7BD42812887F006E1F35 /* TodoListViewController.swift */ = {isa = PBXFileReference; lastKnownFileType = sourcecode.swift; path = TodoListViewController.swift; sourceTree = "<group>"; };
		1C9E7BD72812887F006E1F35 /* Base */ = {isa = PBXFileReference; lastKnownFileType = file.storyboard; name = Base; path = Base.lproj/Main.storyboard; sourceTree = "<group>"; };
		1C9E7BD928128880006E1F35 /* Assets.xcassets */ = {isa = PBXFileReference; lastKnownFileType = folder.assetcatalog; path = Assets.xcassets; sourceTree = "<group>"; };
		1C9E7BDC28128880006E1F35 /* Base */ = {isa = PBXFileReference; lastKnownFileType = file.storyboard; name = Base; path = Base.lproj/LaunchScreen.storyboard; sourceTree = "<group>"; };
		1C9E7BDE28128880006E1F35 /* Info.plist */ = {isa = PBXFileReference; lastKnownFileType = text.plist.xml; path = Info.plist; sourceTree = "<group>"; };
		1CB5047F7B5E8FC811D1C305 /* Pods-Todoey.debug.xcconfig */ = {isa = PBXFileReference; includeInIndex = 1; lastKnownFileType = text.xcconfig; name = "Pods-Todoey.debug.xcconfig"; path = "Target Support Files/Pods-Todoey/Pods-Todoey.debug.xcconfig"; sourceTree = "<group>"; };
		1CC752D92824F50E00E8BAD9 /* CategoryViewController.swift */ = {isa = PBXFileReference; lastKnownFileType = sourcecode.swift; path = CategoryViewController.swift; sourceTree = "<group>"; };
		5AD4F2C4CC2930CDE293D2A4 /* Pods_Todoey.framework */ = {isa = PBXFileReference; explicitFileType = wrapper.framework; includeInIndex = 0; path = Pods_Todoey.framework; sourceTree = BUILT_PRODUCTS_DIR; };
		8109DD7AC4606A71B31E5EC9 /* Pods-Todoey.release.xcconfig */ = {isa = PBXFileReference; includeInIndex = 1; lastKnownFileType = text.xcconfig; name = "Pods-Todoey.release.xcconfig"; path = "Target Support Files/Pods-Todoey/Pods-Todoey.release.xcconfig"; sourceTree = "<group>"; };
/* End PBXFileReference section */

/* Begin PBXFrameworksBuildPhase section */
		1C9E7BCA2812887F006E1F35 /* Frameworks */ = {
			isa = PBXFrameworksBuildPhase;
			buildActionMask = 2147483647;
			files = (
				9FD680A6A05A6A508DB028DB /* Pods_Todoey.framework in Frameworks */,
			);
			runOnlyForDeploymentPostprocessing = 0;
		};
/* End PBXFrameworksBuildPhase section */

/* Begin PBXGroup section */
		1C262A832820D770003B9CAC /* Delegates */ = {
			isa = PBXGroup;
			children = (
				1C9E7BD02812887F006E1F35 /* AppDelegate.swift */,
				1C9E7BD22812887F006E1F35 /* SceneDelegate.swift */,
			);
			path = Delegates;
			sourceTree = "<group>";
		};
		1C6DE5AC2812BFDC00A7FA50 /* DataModel */ = {
			isa = PBXGroup;
			children = (
				1C0263092828E03100F6DF5A /* Item.swift */,
				1C02630B2828E04200F6DF5A /* Category.swift */,
			);
			path = DataModel;
			sourceTree = "<group>";
		};
		1C6DE5AD2812BFF400A7FA50 /* View */ = {
			isa = PBXGroup;
			children = (
				1C9E7BD62812887F006E1F35 /* Main.storyboard */,
			);
			path = View;
			sourceTree = "<group>";
		};
		1C6DE5AE2812C00100A7FA50 /* Controllers */ = {
			isa = PBXGroup;
			children = (
				1C9E7BD42812887F006E1F35 /* TodoListViewController.swift */,
				1CC752D92824F50E00E8BAD9 /* CategoryViewController.swift */,
				1C02630D282928FD00F6DF5A /* SwipeTableViewController.swift */,
			);
			path = Controllers;
			sourceTree = "<group>";
		};
		1C6DE5AF2812C03600A7FA50 /* SupportingFiles */ = {
			isa = PBXGroup;
			children = (
				1C9E7BDB28128880006E1F35 /* LaunchScreen.storyboard */,
				1C9E7BD928128880006E1F35 /* Assets.xcassets */,
			);
			path = SupportingFiles;
			sourceTree = "<group>";
		};
		1C9E7BC42812887F006E1F35 = {
			isa = PBXGroup;
			children = (
				1C9E7BCF2812887F006E1F35 /* Todoey */,
				1C9E7BCE2812887F006E1F35 /* Products */,
				76DBD1DFF7253C70956BC8CB /* Pods */,
				81E66B8337E8112783C5B5BA /* Frameworks */,
			);
			sourceTree = "<group>";
		};
		1C9E7BCE2812887F006E1F35 /* Products */ = {
			isa = PBXGroup;
			children = (
				1C9E7BCD2812887F006E1F35 /* Todoey.app */,
			);
			name = Products;
			sourceTree = "<group>";
		};
		1C9E7BCF2812887F006E1F35 /* Todoey */ = {
			isa = PBXGroup;
			children = (
				1C262A832820D770003B9CAC /* Delegates */,
				1C6DE5AE2812C00100A7FA50 /* Controllers */,
				1C6DE5AC2812BFDC00A7FA50 /* DataModel */,
				1C6DE5AD2812BFF400A7FA50 /* View */,
				1C6DE5AF2812C03600A7FA50 /* SupportingFiles */,
				1C9E7BDE28128880006E1F35 /* Info.plist */,
			);
			path = Todoey;
			sourceTree = "<group>";
		};
		76DBD1DFF7253C70956BC8CB /* Pods */ = {
			isa = PBXGroup;
			children = (
				1CB5047F7B5E8FC811D1C305 /* Pods-Todoey.debug.xcconfig */,
				8109DD7AC4606A71B31E5EC9 /* Pods-Todoey.release.xcconfig */,
			);
			path = Pods;
			sourceTree = "<group>";
		};
		81E66B8337E8112783C5B5BA /* Frameworks */ = {
			isa = PBXGroup;
			children = (
				5AD4F2C4CC2930CDE293D2A4 /* Pods_Todoey.framework */,
			);
			name = Frameworks;
			sourceTree = "<group>";
		};
/* End PBXGroup section */

/* Begin PBXNativeTarget section */
		1C9E7BCC2812887F006E1F35 /* Todoey */ = {
			isa = PBXNativeTarget;
			buildConfigurationList = 1C9E7BE128128880006E1F35 /* Build configuration list for PBXNativeTarget "Todoey" */;
			buildPhases = (
				E2FCC7E740FC8BF2EC7F383F /* [CP] Check Pods Manifest.lock */,
				1C9E7BC92812887F006E1F35 /* Sources */,
				1C9E7BCA2812887F006E1F35 /* Frameworks */,
				1C9E7BCB2812887F006E1F35 /* Resources */,
				E458CE1D11E9D405370814FD /* [CP] Embed Pods Frameworks */,
			);
			buildRules = (
			);
			dependencies = (
			);
			name = Todoey;
			productName = Todoey;
			productReference = 1C9E7BCD2812887F006E1F35 /* Todoey.app */;
			productType = "com.apple.product-type.application";
		};
/* End PBXNativeTarget section */

/* Begin PBXProject section */
		1C9E7BC52812887F006E1F35 /* Project object */ = {
			isa = PBXProject;
			attributes = {
				BuildIndependentTargetsInParallel = 1;
				LastSwiftUpdateCheck = 1310;
				LastUpgradeCheck = 1310;
				TargetAttributes = {
					1C9E7BCC2812887F006E1F35 = {
						CreatedOnToolsVersion = 13.1;
					};
				};
			};
			buildConfigurationList = 1C9E7BC82812887F006E1F35 /* Build configuration list for PBXProject "Todoey" */;
			compatibilityVersion = "Xcode 13.0";
			developmentRegion = en;
			hasScannedForEncodings = 0;
			knownRegions = (
				en,
				Base,
			);
			mainGroup = 1C9E7BC42812887F006E1F35;
			productRefGroup = 1C9E7BCE2812887F006E1F35 /* Products */;
			projectDirPath = "";
			projectRoot = "";
			targets = (
				1C9E7BCC2812887F006E1F35 /* Todoey */,
			);
		};
/* End PBXProject section */

/* Begin PBXResourcesBuildPhase section */
		1C9E7BCB2812887F006E1F35 /* Resources */ = {
			isa = PBXResourcesBuildPhase;
			buildActionMask = 2147483647;
			files = (
				1C9E7BDD28128880006E1F35 /* LaunchScreen.storyboard in Resources */,
				1C9E7BDA28128880006E1F35 /* Assets.xcassets in Resources */,
				1C9E7BD82812887F006E1F35 /* Main.storyboard in Resources */,
			);
			runOnlyForDeploymentPostprocessing = 0;
		};
/* End PBXResourcesBuildPhase section */

/* Begin PBXShellScriptBuildPhase section */
		E2FCC7E740FC8BF2EC7F383F /* [CP] Check Pods Manifest.lock */ = {
			isa = PBXShellScriptBuildPhase;
			buildActionMask = 2147483647;
			files = (
			);
			inputFileListPaths = (
			);
			inputPaths = (
				"${PODS_PODFILE_DIR_PATH}/Podfile.lock",
				"${PODS_ROOT}/Manifest.lock",
			);
			name = "[CP] Check Pods Manifest.lock";
			outputFileListPaths = (
			);
			outputPaths = (
				"$(DERIVED_FILE_DIR)/Pods-Todoey-checkManifestLockResult.txt",
			);
			runOnlyForDeploymentPostprocessing = 0;
			shellPath = /bin/sh;
			shellScript = "diff \"${PODS_PODFILE_DIR_PATH}/Podfile.lock\" \"${PODS_ROOT}/Manifest.lock\" > /dev/null\nif [ $? != 0 ] ; then\n    # print error to STDERR\n    echo \"error: The sandbox is not in sync with the Podfile.lock. Run 'pod install' or update your CocoaPods installation.\" >&2\n    exit 1\nfi\n# This output is used by Xcode 'outputs' to avoid re-running this script phase.\necho \"SUCCESS\" > \"${SCRIPT_OUTPUT_FILE_0}\"\n";
			showEnvVarsInLog = 0;
		};
		E458CE1D11E9D405370814FD /* [CP] Embed Pods Frameworks */ = {
			isa = PBXShellScriptBuildPhase;
			buildActionMask = 2147483647;
			files = (
			);
			inputFileListPaths = (
				"${PODS_ROOT}/Target Support Files/Pods-Todoey/Pods-Todoey-frameworks-${CONFIGURATION}-input-files.xcfilelist",
			);
			name = "[CP] Embed Pods Frameworks";
			outputFileListPaths = (
				"${PODS_ROOT}/Target Support Files/Pods-Todoey/Pods-Todoey-frameworks-${CONFIGURATION}-output-files.xcfilelist",
			);
			runOnlyForDeploymentPostprocessing = 0;
			shellPath = /bin/sh;
			shellScript = "\"${PODS_ROOT}/Target Support Files/Pods-Todoey/Pods-Todoey-frameworks.sh\"\n";
			showEnvVarsInLog = 0;
		};
/* End PBXShellScriptBuildPhase section */

/* Begin PBXSourcesBuildPhase section */
		1C9E7BC92812887F006E1F35 /* Sources */ = {
			isa = PBXSourcesBuildPhase;
			buildActionMask = 2147483647;
			files = (
				1C02630A2828E03100F6DF5A /* Item.swift in Sources */,
				1C9E7BD52812887F006E1F35 /* TodoListViewController.swift in Sources */,
				1C9E7BD12812887F006E1F35 /* AppDelegate.swift in Sources */,
				1CC752DA2824F50E00E8BAD9 /* CategoryViewController.swift in Sources */,
				1C9E7BD32812887F006E1F35 /* SceneDelegate.swift in Sources */,
				1C02630E282928FD00F6DF5A /* SwipeTableViewController.swift in Sources */,
				1C02630C2828E04200F6DF5A /* Category.swift in Sources */,
			);
			runOnlyForDeploymentPostprocessing = 0;
		};
/* End PBXSourcesBuildPhase section */

/* Begin PBXVariantGroup section */
		1C9E7BD62812887F006E1F35 /* Main.storyboard */ = {
			isa = PBXVariantGroup;
			children = (
				1C9E7BD72812887F006E1F35 /* Base */,
			);
			name = Main.storyboard;
			sourceTree = "<group>";
		};
		1C9E7BDB28128880006E1F35 /* LaunchScreen.storyboard */ = {
			isa = PBXVariantGroup;
			children = (
				1C9E7BDC28128880006E1F35 /* Base */,
			);
			name = LaunchScreen.storyboard;
			sourceTree = "<group>";
		};
/* End PBXVariantGroup section */

/* Begin XCBuildConfiguration section */
		1C9E7BDF28128880006E1F35 /* Debug */ = {
			isa = XCBuildConfiguration;
			buildSettings = {
				ALWAYS_SEARCH_USER_PATHS = NO;
				CLANG_ANALYZER_NONNULL = YES;
				CLANG_ANALYZER_NUMBER_OBJECT_CONVERSION = YES_AGGRESSIVE;
				CLANG_CXX_LANGUAGE_STANDARD = "gnu++17";
				CLANG_CXX_LIBRARY = "libc++";
				CLANG_ENABLE_MODULES = YES;
				CLANG_ENABLE_OBJC_ARC = YES;
				CLANG_ENABLE_OBJC_WEAK = YES;
				CLANG_WARN_BLOCK_CAPTURE_AUTORELEASING = YES;
				CLANG_WARN_BOOL_CONVERSION = YES;
				CLANG_WARN_COMMA = YES;
				CLANG_WARN_CONSTANT_CONVERSION = YES;
				CLANG_WARN_DEPRECATED_OBJC_IMPLEMENTATIONS = YES;
				CLANG_WARN_DIRECT_OBJC_ISA_USAGE = YES_ERROR;
				CLANG_WARN_DOCUMENTATION_COMMENTS = YES;
				CLANG_WARN_EMPTY_BODY = YES;
				CLANG_WARN_ENUM_CONVERSION = YES;
				CLANG_WARN_INFINITE_RECURSION = YES;
				CLANG_WARN_INT_CONVERSION = YES;
				CLANG_WARN_NON_LITERAL_NULL_CONVERSION = YES;
				CLANG_WARN_OBJC_IMPLICIT_RETAIN_SELF = YES;
				CLANG_WARN_OBJC_LITERAL_CONVERSION = YES;
				CLANG_WARN_OBJC_ROOT_CLASS = YES_ERROR;
				CLANG_WARN_QUOTED_INCLUDE_IN_FRAMEWORK_HEADER = YES;
				CLANG_WARN_RANGE_LOOP_ANALYSIS = YES;
				CLANG_WARN_STRICT_PROTOTYPES = YES;
				CLANG_WARN_SUSPICIOUS_MOVE = YES;
				CLANG_WARN_UNGUARDED_AVAILABILITY = YES_AGGRESSIVE;
				CLANG_WARN_UNREACHABLE_CODE = YES;
				CLANG_WARN__DUPLICATE_METHOD_MATCH = YES;
				COPY_PHASE_STRIP = NO;
				DEBUG_INFORMATION_FORMAT = dwarf;
				ENABLE_STRICT_OBJC_MSGSEND = YES;
				ENABLE_TESTABILITY = YES;
				GCC_C_LANGUAGE_STANDARD = gnu11;
				GCC_DYNAMIC_NO_PIC = NO;
				GCC_NO_COMMON_BLOCKS = YES;
				GCC_OPTIMIZATION_LEVEL = 0;
				GCC_PREPROCESSOR_DEFINITIONS = (
					"DEBUG=1",
					"$(inherited)",
				);
				GCC_WARN_64_TO_32_BIT_CONVERSION = YES;
				GCC_WARN_ABOUT_RETURN_TYPE = YES_ERROR;
				GCC_WARN_UNDECLARED_SELECTOR = YES;
				GCC_WARN_UNINITIALIZED_AUTOS = YES_AGGRESSIVE;
				GCC_WARN_UNUSED_FUNCTION = YES;
				GCC_WARN_UNUSED_VARIABLE = YES;
				IPHONEOS_DEPLOYMENT_TARGET = 15.0;
				MTL_ENABLE_DEBUG_INFO = INCLUDE_SOURCE;
				MTL_FAST_MATH = YES;
				ONLY_ACTIVE_ARCH = YES;
				SDKROOT = iphoneos;
				SWIFT_ACTIVE_COMPILATION_CONDITIONS = DEBUG;
				SWIFT_OPTIMIZATION_LEVEL = "-Onone";
			};
			name = Debug;
		};
		1C9E7BE028128880006E1F35 /* Release */ = {
			isa = XCBuildConfiguration;
			buildSettings = {
				ALWAYS_SEARCH_USER_PATHS = NO;
				CLANG_ANALYZER_NONNULL = YES;
				CLANG_ANALYZER_NUMBER_OBJECT_CONVERSION = YES_AGGRESSIVE;
				CLANG_CXX_LANGUAGE_STANDARD = "gnu++17";
				CLANG_CXX_LIBRARY = "libc++";
				CLANG_ENABLE_MODULES = YES;
				CLANG_ENABLE_OBJC_ARC = YES;
				CLANG_ENABLE_OBJC_WEAK = YES;
				CLANG_WARN_BLOCK_CAPTURE_AUTORELEASING = YES;
				CLANG_WARN_BOOL_CONVERSION = YES;
				CLANG_WARN_COMMA = YES;
				CLANG_WARN_CONSTANT_CONVERSION = YES;
				CLANG_WARN_DEPRECATED_OBJC_IMPLEMENTATIONS = YES;
				CLANG_WARN_DIRECT_OBJC_ISA_USAGE = YES_ERROR;
				CLANG_WARN_DOCUMENTATION_COMMENTS = YES;
				CLANG_WARN_EMPTY_BODY = YES;
				CLANG_WARN_ENUM_CONVERSION = YES;
				CLANG_WARN_INFINITE_RECURSION = YES;
				CLANG_WARN_INT_CONVERSION = YES;
				CLANG_WARN_NON_LITERAL_NULL_CONVERSION = YES;
				CLANG_WARN_OBJC_IMPLICIT_RETAIN_SELF = YES;
				CLANG_WARN_OBJC_LITERAL_CONVERSION = YES;
				CLANG_WARN_OBJC_ROOT_CLASS = YES_ERROR;
				CLANG_WARN_QUOTED_INCLUDE_IN_FRAMEWORK_HEADER = YES;
				CLANG_WARN_RANGE_LOOP_ANALYSIS = YES;
				CLANG_WARN_STRICT_PROTOTYPES = YES;
				CLANG_WARN_SUSPICIOUS_MOVE = YES;
				CLANG_WARN_UNGUARDED_AVAILABILITY = YES_AGGRESSIVE;
				CLANG_WARN_UNREACHABLE_CODE = YES;
				CLANG_WARN__DUPLICATE_METHOD_MATCH = YES;
				COPY_PHASE_STRIP = NO;
				DEBUG_INFORMATION_FORMAT = "dwarf-with-dsym";
				ENABLE_NS_ASSERTIONS = NO;
				ENABLE_STRICT_OBJC_MSGSEND = YES;
				GCC_C_LANGUAGE_STANDARD = gnu11;
				GCC_NO_COMMON_BLOCKS = YES;
				GCC_WARN_64_TO_32_BIT_CONVERSION = YES;
				GCC_WARN_ABOUT_RETURN_TYPE = YES_ERROR;
				GCC_WARN_UNDECLARED_SELECTOR = YES;
				GCC_WARN_UNINITIALIZED_AUTOS = YES_AGGRESSIVE;
				GCC_WARN_UNUSED_FUNCTION = YES;
				GCC_WARN_UNUSED_VARIABLE = YES;
				IPHONEOS_DEPLOYMENT_TARGET = 15.0;
				MTL_ENABLE_DEBUG_INFO = NO;
				MTL_FAST_MATH = YES;
				SDKROOT = iphoneos;
				SWIFT_COMPILATION_MODE = wholemodule;
				SWIFT_OPTIMIZATION_LEVEL = "-O";
				VALIDATE_PRODUCT = YES;
			};
			name = Release;
		};
		1C9E7BE228128880006E1F35 /* Debug */ = {
			isa = XCBuildConfiguration;
			baseConfigurationReference = 1CB5047F7B5E8FC811D1C305 /* Pods-Todoey.debug.xcconfig */;
			buildSettings = {
				ASSETCATALOG_COMPILER_APPICON_NAME = AppIcon;
				ASSETCATALOG_COMPILER_GLOBAL_ACCENT_COLOR_NAME = AccentColor;
				CODE_SIGN_STYLE = Automatic;
				CURRENT_PROJECT_VERSION = 1;
				DEVELOPMENT_TEAM = Z7F6AJKUC8;
				GENERATE_INFOPLIST_FILE = YES;
				INFOPLIST_FILE = Todoey/Info.plist;
				INFOPLIST_KEY_UIApplicationSupportsIndirectInputEvents = YES;
				INFOPLIST_KEY_UILaunchStoryboardName = LaunchScreen;
				INFOPLIST_KEY_UIMainStoryboardFile = Main;
				INFOPLIST_KEY_UISupportedInterfaceOrientations = UIInterfaceOrientationPortrait;
				INFOPLIST_KEY_UISupportedInterfaceOrientations_iPad = "UIInterfaceOrientationPortrait UIInterfaceOrientationPortraitUpsideDown UIInterfaceOrientationLandscapeLeft UIInterfaceOrientationLandscapeRight";
				INFOPLIST_KEY_UISupportedInterfaceOrientations_iPhone = "UIInterfaceOrientationPortrait UIInterfaceOrientationLandscapeLeft UIInterfaceOrientationLandscapeRight";
				LD_RUNPATH_SEARCH_PATHS = (
					"$(inherited)",
					"@executable_path/Frameworks",
				);
				MARKETING_VERSION = 1.0;
				PRODUCT_BUNDLE_IDENTIFIER = roro.Todoey;
				PRODUCT_NAME = "$(TARGET_NAME)";
				SWIFT_EMIT_LOC_STRINGS = YES;
				SWIFT_VERSION = 5.0;
				TARGETED_DEVICE_FAMILY = "1,2";
			};
			name = Debug;
		};
		1C9E7BE328128880006E1F35 /* Release */ = {
			isa = XCBuildConfiguration;
			baseConfigurationReference = 8109DD7AC4606A71B31E5EC9 /* Pods-Todoey.release.xcconfig */;
			buildSettings = {
				ASSETCATALOG_COMPILER_APPICON_NAME = AppIcon;
				ASSETCATALOG_COMPILER_GLOBAL_ACCENT_COLOR_NAME = AccentColor;
				CODE_SIGN_STYLE = Automatic;
				CURRENT_PROJECT_VERSION = 1;
				DEVELOPMENT_TEAM = Z7F6AJKUC8;
				GENERATE_INFOPLIST_FILE = YES;
				INFOPLIST_FILE = Todoey/Info.plist;
				INFOPLIST_KEY_UIApplicationSupportsIndirectInputEvents = YES;
				INFOPLIST_KEY_UILaunchStoryboardName = LaunchScreen;
				INFOPLIST_KEY_UIMainStoryboardFile = Main;
				INFOPLIST_KEY_UISupportedInterfaceOrientations = UIInterfaceOrientationPortrait;
				INFOPLIST_KEY_UISupportedInterfaceOrientations_iPad = "UIInterfaceOrientationPortrait UIInterfaceOrientationPortraitUpsideDown UIInterfaceOrientationLandscapeLeft UIInterfaceOrientationLandscapeRight";
				INFOPLIST_KEY_UISupportedInterfaceOrientations_iPhone = "UIInterfaceOrientationPortrait UIInterfaceOrientationLandscapeLeft UIInterfaceOrientationLandscapeRight";
				LD_RUNPATH_SEARCH_PATHS = (
					"$(inherited)",
					"@executable_path/Frameworks",
				);
				MARKETING_VERSION = 1.0;
				PRODUCT_BUNDLE_IDENTIFIER = roro.Todoey;
				PRODUCT_NAME = "$(TARGET_NAME)";
				SWIFT_EMIT_LOC_STRINGS = YES;
				SWIFT_VERSION = 5.0;
				TARGETED_DEVICE_FAMILY = "1,2";
			};
			name = Release;
		};
/* End XCBuildConfiguration section */

/* Begin XCConfigurationList section */
		1C9E7BC82812887F006E1F35 /* Build configuration list for PBXProject "Todoey" */ = {
			isa = XCConfigurationList;
			buildConfigurations = (
				1C9E7BDF28128880006E1F35 /* Debug */,
				1C9E7BE028128880006E1F35 /* Release */,
			);
			defaultConfigurationIsVisible = 0;
			defaultConfigurationName = Release;
		};
		1C9E7BE128128880006E1F35 /* Build configuration list for PBXNativeTarget "Todoey" */ = {
			isa = XCConfigurationList;
			buildConfigurations = (
				1C9E7BE228128880006E1F35 /* Debug */,
				1C9E7BE328128880006E1F35 /* Release */,
			);
			defaultConfigurationIsVisible = 0;
			defaultConfigurationName = Release;
		};
/* End XCConfigurationList section */
	};
	rootObject = 1C9E7BC52812887F006E1F35 /* Project object */;
}
